PODS:
  - Alamofire (3.4.0)
  - Moya (6.4.0):
    - Moya/Core (= 6.4.0)
  - Moya/Core (6.4.0):
    - Alamofire (~> 3.0)
    - Result (~> 2.0)
  - Result (2.0.0)

DEPENDENCIES:
  - Moya

SPEC CHECKSUMS:
  Alamofire: c19a627cefd6a95f840401c49ab1f124e07f54ee
  Moya: 4d526954c8afd79820991393d40d7d8af756ceee
  Result: 9e75e1111c774c6ac594e14907b15057053a7959

PODFILE CHECKSUM: d7f53789d3d0efa0ba08f0981a72496415e8f900

COCOAPODS: 1.0.0
