// !$*UTF8*$!
{
	archiveVersion = 1;
	classes = {
	};
	objectVersion = 46;
	objects = {

/* Begin PBXBuildFile section */
		1BB1B1CE1D426C2500C158AF /* PokemonCollectionViewCell.xib in Resources */ = {isa = PBXBuildFile; fileRef = 1BB1B1CD1D426C2500C158AF /* PokemonCollectionViewCell.xib */; };
		1BB1B1D01D426C3900C158AF /* PokemonCollectionViewCell.swift in Sources */ = {isa = PBXBuildFile; fileRef = 1BB1B1CF1D426C3900C158AF /* PokemonCollectionViewCell.swift */; };
		1BB1B1D11D426FD200C158AF /* Localizable.strings in Resources */ = {isa = PBXBuildFile; fileRef = 1BB1B1D31D426FD200C158AF /* Localizable.strings */; };
		1BB1B1D61D427E8200C158AF /* PokemonsViewController.swift in Sources */ = {isa = PBXBuildFile; fileRef = 1BB1B1D51D427E8200C158AF /* PokemonsViewController.swift */; };
		1BB1B1D81D42860900C158AF /* ChoosePokemonsViewController.swift in Sources */ = {isa = PBXBuildFile; fileRef = 1BB1B1D71D42860900C158AF /* ChoosePokemonsViewController.swift */; };
		1BB1B1DA1D429BE600C158AF /* MyPokemonsViewController.swift in Sources */ = {isa = PBXBuildFile; fileRef = 1BB1B1D91D429BE600C158AF /* MyPokemonsViewController.swift */; };
		1BB1B1DD1D429CC200C158AF /* PokemonTableViewCell.swift in Sources */ = {isa = PBXBuildFile; fileRef = 1BB1B1DB1D429CC200C158AF /* PokemonTableViewCell.swift */; };
		1BB1B1DE1D429CC200C158AF /* PokemonTableViewCell.xib in Resources */ = {isa = PBXBuildFile; fileRef = 1BB1B1DC1D429CC200C158AF /* PokemonTableViewCell.xib */; };
		1BC156751D43776200724BAD /* CreateEventViewController.swift in Sources */ = {isa = PBXBuildFile; fileRef = 1BC156741D43776200724BAD /* CreateEventViewController.swift */; };
		1BC156771D4385F700724BAD /* MapViewController.swift in Sources */ = {isa = PBXBuildFile; fileRef = 1BC156761D4385F700724BAD /* MapViewController.swift */; };
		4AA4391EC4DD1F6A1624F8CF /* Pods_PokeParty.framework in Frameworks */ = {isa = PBXBuildFile; fileRef = 88FC1537C1A863C2A7D279A6 /* Pods_PokeParty.framework */; };
		8B555F801D423D1100D3978C /* AppDelegate.swift in Sources */ = {isa = PBXBuildFile; fileRef = 8B555F7F1D423D1100D3978C /* AppDelegate.swift */; };
		8B555F821D423D1100D3978C /* ViewController.swift in Sources */ = {isa = PBXBuildFile; fileRef = 8B555F811D423D1100D3978C /* ViewController.swift */; };
		8B555F871D423D1100D3978C /* Assets.xcassets in Resources */ = {isa = PBXBuildFile; fileRef = 8B555F861D423D1100D3978C /* Assets.xcassets */; };
		8B555F8A1D423D1100D3978C /* LaunchScreen.storyboard in Resources */ = {isa = PBXBuildFile; fileRef = 8B555F881D423D1100D3978C /* LaunchScreen.storyboard */; };
		8B555FC61D423D6100D3978C /* MainCoordinator.swift in Sources */ = {isa = PBXBuildFile; fileRef = 8B555F941D423D6100D3978C /* MainCoordinator.swift */; };
		8B555FC81D423D6100D3978C /* OnboardingCoordinator.swift in Sources */ = {isa = PBXBuildFile; fileRef = 8B555F971D423D6100D3978C /* OnboardingCoordinator.swift */; };
		8B555FCB1D423D6100D3978C /* AccountDataProviderFactory.swift in Sources */ = {isa = PBXBuildFile; fileRef = 8B555F9C1D423D6100D3978C /* AccountDataProviderFactory.swift */; };
		8B555FCC1D423D6100D3978C /* UserDefaultsAccountDataProvider.swift in Sources */ = {isa = PBXBuildFile; fileRef = 8B555F9D1D423D6100D3978C /* UserDefaultsAccountDataProvider.swift */; };
		8B555FCD1D423D6100D3978C /* Coordinator.swift in Sources */ = {isa = PBXBuildFile; fileRef = 8B555FA01D423D6100D3978C /* Coordinator.swift */; };
		8B555FCE1D423D6100D3978C /* InNavigationCoordinator.swift in Sources */ = {isa = PBXBuildFile; fileRef = 8B555FA11D423D6100D3978C /* InNavigationCoordinator.swift */; };
		8B555FCF1D423D6100D3978C /* NavigationController.swift in Sources */ = {isa = PBXBuildFile; fileRef = 8B555FA21D423D6100D3978C /* NavigationController.swift */; };
		8B555FD01D423D6100D3978C /* NavigationCoordinator.swift in Sources */ = {isa = PBXBuildFile; fileRef = 8B555FA31D423D6100D3978C /* NavigationCoordinator.swift */; };
		8B555FD11D423D6100D3978C /* TabBarCoordinator.swift in Sources */ = {isa = PBXBuildFile; fileRef = 8B555FA41D423D6100D3978C /* TabBarCoordinator.swift */; };
		8B555FD51D423D6100D3978C /* NSDate+Helpers.swift in Sources */ = {isa = PBXBuildFile; fileRef = 8B555FAA1D423D6100D3978C /* NSDate+Helpers.swift */; };
		8B555FD61D423D6100D3978C /* UIApplication+TopViewController.swift in Sources */ = {isa = PBXBuildFile; fileRef = 8B555FAB1D423D6100D3978C /* UIApplication+TopViewController.swift */; };
		8B555FD71D423D6100D3978C /* UIColor+App.swift in Sources */ = {isa = PBXBuildFile; fileRef = 8B555FAC1D423D6100D3978C /* UIColor+App.swift */; };
		8B555FD81D423D6100D3978C /* UIImage+WithColors.swift in Sources */ = {isa = PBXBuildFile; fileRef = 8B555FAD1D423D6100D3978C /* UIImage+WithColors.swift */; };
		8B555FD91D423D6100D3978C /* UIImageView+SetImageWithURL.swift in Sources */ = {isa = PBXBuildFile; fileRef = 8B555FAE1D423D6100D3978C /* UIImageView+SetImageWithURL.swift */; };
		8B555FDB1D423D6100D3978C /* Constants.swift in Sources */ = {isa = PBXBuildFile; fileRef = 8B555FB21D423D6100D3978C /* Constants.swift */; };
		8B555FDC1D423D6100D3978C /* DateFormatter.swift in Sources */ = {isa = PBXBuildFile; fileRef = 8B555FB31D423D6100D3978C /* DateFormatter.swift */; };
		8B555FDD1D423D6100D3978C /* TextValidator.swift in Sources */ = {isa = PBXBuildFile; fileRef = 8B555FB51D423D6100D3978C /* TextValidator.swift */; };
		8B555FDE1D423D6100D3978C /* TextValidatorFactory.swift in Sources */ = {isa = PBXBuildFile; fileRef = 8B555FB61D423D6100D3978C /* TextValidatorFactory.swift */; };
		8B555FDF1D423D6100D3978C /* Typealiases.swift in Sources */ = {isa = PBXBuildFile; fileRef = 8B555FB71D423D6100D3978C /* Typealiases.swift */; };
		8B555FE01D423D6100D3978C /* CustomScheme.swift in Sources */ = {isa = PBXBuildFile; fileRef = 8B555FB91D423D6100D3978C /* CustomScheme.swift */; };
		8B555FE11D423D6100D3978C /* UrlHandler.swift in Sources */ = {isa = PBXBuildFile; fileRef = 8B555FBA1D423D6100D3978C /* UrlHandler.swift */; };
		8B555FE21D423D6100D3978C /* UrlType.swift in Sources */ = {isa = PBXBuildFile; fileRef = 8B555FBB1D423D6100D3978C /* UrlType.swift */; };
		8B555FE31D423D6100D3978C /* AccountDataProvider.swift in Sources */ = {isa = PBXBuildFile; fileRef = 8B555FBD1D423D6100D3978C /* AccountDataProvider.swift */; };
		8B555FE41D423D6100D3978C /* AccountService.swift in Sources */ = {isa = PBXBuildFile; fileRef = 8B555FBF1D423D6100D3978C /* AccountService.swift */; };
		8B555FE51D423D6100D3978C /* ImageService.swift in Sources */ = {isa = PBXBuildFile; fileRef = 8B555FC01D423D6100D3978C /* ImageService.swift */; };
		8BB96C991D43610300EB90AD /* PartyViewController.swift in Sources */ = {isa = PBXBuildFile; fileRef = 8BB96C981D43610300EB90AD /* PartyViewController.swift */; };
		8BC30B471D42C9EC00A5443D /* TeamSelectButtonView.swift in Sources */ = {isa = PBXBuildFile; fileRef = 8BC30B461D42C9EC00A5443D /* TeamSelectButtonView.swift */; };
		8BC30B491D42D48200A5443D /* TeamSelectView.swift in Sources */ = {isa = PBXBuildFile; fileRef = 8BC30B481D42D48200A5443D /* TeamSelectView.swift */; };
		8BC30B4B1D42D77A00A5443D /* SetupProfileViewController.swift in Sources */ = {isa = PBXBuildFile; fileRef = 8BC30B4A1D42D77A00A5443D /* SetupProfileViewController.swift */; };
		8BD68C5A1D42540700C21725 /* GoogleSignOnViewController.swift in Sources */ = {isa = PBXBuildFile; fileRef = 8BD68C591D42540700C21725 /* GoogleSignOnViewController.swift */; };
		8BD68C5F1D426B3600C21725 /* CreateNewPartyCoordinator.swift in Sources */ = {isa = PBXBuildFile; fileRef = 8BD68C5E1D426B3600C21725 /* CreateNewPartyCoordinator.swift */; };
		8BD68C611D426C6000C21725 /* CreateNewPartyViewController.swift in Sources */ = {isa = PBXBuildFile; fileRef = 8BD68C601D426C6000C21725 /* CreateNewPartyViewController.swift */; };
		8BD68C631D42869700C21725 /* UIStackView+addArrangedSubviews.swift in Sources */ = {isa = PBXBuildFile; fileRef = 8BD68C621D42869600C21725 /* UIStackView+addArrangedSubviews.swift */; };
		8BD68C651D429A3300C21725 /* HomeViewController.swift in Sources */ = {isa = PBXBuildFile; fileRef = 8BD68C641D429A3300C21725 /* HomeViewController.swift */; };
		BE631E801D42536600E7C8AA /* GoogleService-Info.plist in Resources */ = {isa = PBXBuildFile; fileRef = BE631E7F1D42536600E7C8AA /* GoogleService-Info.plist */; };
		BE67E8CB1D429AED002761F0 /* PokePartyShared.framework in Frameworks */ = {isa = PBXBuildFile; fileRef = BE67E8CA1D429AED002761F0 /* PokePartyShared.framework */; };
		BE67E8CC1D429AED002761F0 /* PokePartyShared.framework in Embed Frameworks */ = {isa = PBXBuildFile; fileRef = BE67E8CA1D429AED002761F0 /* PokePartyShared.framework */; settings = {ATTRIBUTES = (CodeSignOnCopy, RemoveHeadersOnCopy, ); }; };
		BE67E8D11D42ABEB002761F0 /* Pokemon.swift in Sources */ = {isa = PBXBuildFile; fileRef = BE67E8D01D42ABEB002761F0 /* Pokemon.swift */; };
		BEC49F4F1D42D396000106E4 /* ApiClient.swift in Sources */ = {isa = PBXBuildFile; fileRef = BEC49F4E1D42D396000106E4 /* ApiClient.swift */; };
		BEC49F531D42ECD6000106E4 /* UserClient.swift in Sources */ = {isa = PBXBuildFile; fileRef = BEC49F521D42ECD6000106E4 /* UserClient.swift */; };
/* End PBXBuildFile section */

/* Begin PBXCopyFilesBuildPhase section */
		BE67E8CD1D429AED002761F0 /* Embed Frameworks */ = {
			isa = PBXCopyFilesBuildPhase;
			buildActionMask = 2147483647;
			dstPath = "";
			dstSubfolderSpec = 10;
			files = (
				BE67E8CC1D429AED002761F0 /* PokePartyShared.framework in Embed Frameworks */,
			);
			name = "Embed Frameworks";
			runOnlyForDeploymentPostprocessing = 0;
		};
/* End PBXCopyFilesBuildPhase section */

/* Begin PBXFileReference section */
		1BB1B1CD1D426C2500C158AF /* PokemonCollectionViewCell.xib */ = {isa = PBXFileReference; fileEncoding = 4; lastKnownFileType = file.xib; path = PokemonCollectionViewCell.xib; sourceTree = "<group>"; };
		1BB1B1CF1D426C3900C158AF /* PokemonCollectionViewCell.swift */ = {isa = PBXFileReference; fileEncoding = 4; lastKnownFileType = sourcecode.swift; path = PokemonCollectionViewCell.swift; sourceTree = "<group>"; };
		1BB1B1D21D426FD200C158AF /* en */ = {isa = PBXFileReference; lastKnownFileType = text.plist.strings; name = en; path = en.lproj/Localizable.strings; sourceTree = "<group>"; };
		1BB1B1D41D426FF900C158AF /* Base */ = {isa = PBXFileReference; lastKnownFileType = text.plist.strings; name = Base; path = Base.lproj/Localizable.strings; sourceTree = "<group>"; };
		1BB1B1D51D427E8200C158AF /* PokemonsViewController.swift */ = {isa = PBXFileReference; fileEncoding = 4; lastKnownFileType = sourcecode.swift; path = PokemonsViewController.swift; sourceTree = "<group>"; };
		1BB1B1D71D42860900C158AF /* ChoosePokemonsViewController.swift */ = {isa = PBXFileReference; fileEncoding = 4; lastKnownFileType = sourcecode.swift; path = ChoosePokemonsViewController.swift; sourceTree = "<group>"; };
		1BB1B1D91D429BE600C158AF /* MyPokemonsViewController.swift */ = {isa = PBXFileReference; fileEncoding = 4; lastKnownFileType = sourcecode.swift; path = MyPokemonsViewController.swift; sourceTree = "<group>"; };
		1BB1B1DB1D429CC200C158AF /* PokemonTableViewCell.swift */ = {isa = PBXFileReference; fileEncoding = 4; lastKnownFileType = sourcecode.swift; path = PokemonTableViewCell.swift; sourceTree = "<group>"; };
		1BB1B1DC1D429CC200C158AF /* PokemonTableViewCell.xib */ = {isa = PBXFileReference; fileEncoding = 4; lastKnownFileType = file.xib; path = PokemonTableViewCell.xib; sourceTree = "<group>"; };
		1BC156741D43776200724BAD /* CreateEventViewController.swift */ = {isa = PBXFileReference; fileEncoding = 4; lastKnownFileType = sourcecode.swift; path = CreateEventViewController.swift; sourceTree = "<group>"; };
		1BC156761D4385F700724BAD /* MapViewController.swift */ = {isa = PBXFileReference; fileEncoding = 4; lastKnownFileType = sourcecode.swift; path = MapViewController.swift; sourceTree = "<group>"; };
		57CE084EBEF115992676E7C8 /* Pods-PokeParty.release.xcconfig */ = {isa = PBXFileReference; includeInIndex = 1; lastKnownFileType = text.xcconfig; name = "Pods-PokeParty.release.xcconfig"; path = "Pods/Target Support Files/Pods-PokeParty/Pods-PokeParty.release.xcconfig"; sourceTree = "<group>"; };
		88FC1537C1A863C2A7D279A6 /* Pods_PokeParty.framework */ = {isa = PBXFileReference; explicitFileType = wrapper.framework; includeInIndex = 0; path = Pods_PokeParty.framework; sourceTree = BUILT_PRODUCTS_DIR; };
		8B555F7C1D423D1100D3978C /* PokeParty.app */ = {isa = PBXFileReference; explicitFileType = wrapper.application; includeInIndex = 0; path = PokeParty.app; sourceTree = BUILT_PRODUCTS_DIR; };
		8B555F7F1D423D1100D3978C /* AppDelegate.swift */ = {isa = PBXFileReference; lastKnownFileType = sourcecode.swift; path = AppDelegate.swift; sourceTree = "<group>"; };
		8B555F811D423D1100D3978C /* ViewController.swift */ = {isa = PBXFileReference; lastKnownFileType = sourcecode.swift; path = ViewController.swift; sourceTree = "<group>"; };
		8B555F861D423D1100D3978C /* Assets.xcassets */ = {isa = PBXFileReference; lastKnownFileType = folder.assetcatalog; path = Assets.xcassets; sourceTree = "<group>"; };
		8B555F891D423D1100D3978C /* Base */ = {isa = PBXFileReference; lastKnownFileType = file.storyboard; name = Base; path = Base.lproj/LaunchScreen.storyboard; sourceTree = "<group>"; };
		8B555F8B1D423D1100D3978C /* Info.plist */ = {isa = PBXFileReference; lastKnownFileType = text.plist.xml; path = Info.plist; sourceTree = "<group>"; };
		8B555F941D423D6100D3978C /* MainCoordinator.swift */ = {isa = PBXFileReference; fileEncoding = 4; lastKnownFileType = sourcecode.swift; path = MainCoordinator.swift; sourceTree = "<group>"; };
		8B555F971D423D6100D3978C /* OnboardingCoordinator.swift */ = {isa = PBXFileReference; fileEncoding = 4; lastKnownFileType = sourcecode.swift; name = OnboardingCoordinator.swift; path = Login/OnboardingCoordinator.swift; sourceTree = "<group>"; };
		8B555F9C1D423D6100D3978C /* AccountDataProviderFactory.swift */ = {isa = PBXFileReference; fileEncoding = 4; lastKnownFileType = sourcecode.swift; path = AccountDataProviderFactory.swift; sourceTree = "<group>"; };
		8B555F9D1D423D6100D3978C /* UserDefaultsAccountDataProvider.swift */ = {isa = PBXFileReference; fileEncoding = 4; lastKnownFileType = sourcecode.swift; path = UserDefaultsAccountDataProvider.swift; sourceTree = "<group>"; };
		8B555FA01D423D6100D3978C /* Coordinator.swift */ = {isa = PBXFileReference; fileEncoding = 4; lastKnownFileType = sourcecode.swift; path = Coordinator.swift; sourceTree = "<group>"; };
		8B555FA11D423D6100D3978C /* InNavigationCoordinator.swift */ = {isa = PBXFileReference; fileEncoding = 4; lastKnownFileType = sourcecode.swift; path = InNavigationCoordinator.swift; sourceTree = "<group>"; };
		8B555FA21D423D6100D3978C /* NavigationController.swift */ = {isa = PBXFileReference; fileEncoding = 4; lastKnownFileType = sourcecode.swift; path = NavigationController.swift; sourceTree = "<group>"; };
		8B555FA31D423D6100D3978C /* NavigationCoordinator.swift */ = {isa = PBXFileReference; fileEncoding = 4; lastKnownFileType = sourcecode.swift; path = NavigationCoordinator.swift; sourceTree = "<group>"; };
		8B555FA41D423D6100D3978C /* TabBarCoordinator.swift */ = {isa = PBXFileReference; fileEncoding = 4; lastKnownFileType = sourcecode.swift; path = TabBarCoordinator.swift; sourceTree = "<group>"; };
		8B555FAA1D423D6100D3978C /* NSDate+Helpers.swift */ = {isa = PBXFileReference; fileEncoding = 4; lastKnownFileType = sourcecode.swift; path = "NSDate+Helpers.swift"; sourceTree = "<group>"; };
		8B555FAB1D423D6100D3978C /* UIApplication+TopViewController.swift */ = {isa = PBXFileReference; fileEncoding = 4; lastKnownFileType = sourcecode.swift; path = "UIApplication+TopViewController.swift"; sourceTree = "<group>"; };
		8B555FAC1D423D6100D3978C /* UIColor+App.swift */ = {isa = PBXFileReference; fileEncoding = 4; lastKnownFileType = sourcecode.swift; path = "UIColor+App.swift"; sourceTree = "<group>"; };
		8B555FAD1D423D6100D3978C /* UIImage+WithColors.swift */ = {isa = PBXFileReference; fileEncoding = 4; lastKnownFileType = sourcecode.swift; path = "UIImage+WithColors.swift"; sourceTree = "<group>"; };
		8B555FAE1D423D6100D3978C /* UIImageView+SetImageWithURL.swift */ = {isa = PBXFileReference; fileEncoding = 4; lastKnownFileType = sourcecode.swift; path = "UIImageView+SetImageWithURL.swift"; sourceTree = "<group>"; };
		8B555FB21D423D6100D3978C /* Constants.swift */ = {isa = PBXFileReference; fileEncoding = 4; lastKnownFileType = sourcecode.swift; path = Constants.swift; sourceTree = "<group>"; };
		8B555FB31D423D6100D3978C /* DateFormatter.swift */ = {isa = PBXFileReference; fileEncoding = 4; lastKnownFileType = sourcecode.swift; path = DateFormatter.swift; sourceTree = "<group>"; };
		8B555FB51D423D6100D3978C /* TextValidator.swift */ = {isa = PBXFileReference; fileEncoding = 4; lastKnownFileType = sourcecode.swift; path = TextValidator.swift; sourceTree = "<group>"; };
		8B555FB61D423D6100D3978C /* TextValidatorFactory.swift */ = {isa = PBXFileReference; fileEncoding = 4; lastKnownFileType = sourcecode.swift; path = TextValidatorFactory.swift; sourceTree = "<group>"; };
		8B555FB71D423D6100D3978C /* Typealiases.swift */ = {isa = PBXFileReference; fileEncoding = 4; lastKnownFileType = sourcecode.swift; path = Typealiases.swift; sourceTree = "<group>"; };
		8B555FB91D423D6100D3978C /* CustomScheme.swift */ = {isa = PBXFileReference; fileEncoding = 4; lastKnownFileType = sourcecode.swift; path = CustomScheme.swift; sourceTree = "<group>"; };
		8B555FBA1D423D6100D3978C /* UrlHandler.swift */ = {isa = PBXFileReference; fileEncoding = 4; lastKnownFileType = sourcecode.swift; path = UrlHandler.swift; sourceTree = "<group>"; };
		8B555FBB1D423D6100D3978C /* UrlType.swift */ = {isa = PBXFileReference; fileEncoding = 4; lastKnownFileType = sourcecode.swift; path = UrlType.swift; sourceTree = "<group>"; };
		8B555FBD1D423D6100D3978C /* AccountDataProvider.swift */ = {isa = PBXFileReference; fileEncoding = 4; lastKnownFileType = sourcecode.swift; path = AccountDataProvider.swift; sourceTree = "<group>"; };
		8B555FBF1D423D6100D3978C /* AccountService.swift */ = {isa = PBXFileReference; fileEncoding = 4; lastKnownFileType = sourcecode.swift; path = AccountService.swift; sourceTree = "<group>"; };
		8B555FC01D423D6100D3978C /* ImageService.swift */ = {isa = PBXFileReference; fileEncoding = 4; lastKnownFileType = sourcecode.swift; path = ImageService.swift; sourceTree = "<group>"; };
		8BB96C981D43610300EB90AD /* PartyViewController.swift */ = {isa = PBXFileReference; fileEncoding = 4; lastKnownFileType = sourcecode.swift; path = PartyViewController.swift; sourceTree = "<group>"; };
		8BC30B461D42C9EC00A5443D /* TeamSelectButtonView.swift */ = {isa = PBXFileReference; fileEncoding = 4; lastKnownFileType = sourcecode.swift; path = TeamSelectButtonView.swift; sourceTree = "<group>"; };
		8BC30B481D42D48200A5443D /* TeamSelectView.swift */ = {isa = PBXFileReference; fileEncoding = 4; lastKnownFileType = sourcecode.swift; path = TeamSelectView.swift; sourceTree = "<group>"; };
		8BC30B4A1D42D77A00A5443D /* SetupProfileViewController.swift */ = {isa = PBXFileReference; fileEncoding = 4; lastKnownFileType = sourcecode.swift; path = SetupProfileViewController.swift; sourceTree = "<group>"; };
		8BD68C591D42540700C21725 /* GoogleSignOnViewController.swift */ = {isa = PBXFileReference; fileEncoding = 4; lastKnownFileType = sourcecode.swift; path = GoogleSignOnViewController.swift; sourceTree = "<group>"; };
		8BD68C5E1D426B3600C21725 /* CreateNewPartyCoordinator.swift */ = {isa = PBXFileReference; fileEncoding = 4; lastKnownFileType = sourcecode.swift; path = CreateNewPartyCoordinator.swift; sourceTree = "<group>"; };
		8BD68C601D426C6000C21725 /* CreateNewPartyViewController.swift */ = {isa = PBXFileReference; fileEncoding = 4; lastKnownFileType = sourcecode.swift; path = CreateNewPartyViewController.swift; sourceTree = "<group>"; };
		8BD68C621D42869600C21725 /* UIStackView+addArrangedSubviews.swift */ = {isa = PBXFileReference; fileEncoding = 4; lastKnownFileType = sourcecode.swift; path = "UIStackView+addArrangedSubviews.swift"; sourceTree = "<group>"; };
		8BD68C641D429A3300C21725 /* HomeViewController.swift */ = {isa = PBXFileReference; fileEncoding = 4; lastKnownFileType = sourcecode.swift; path = HomeViewController.swift; sourceTree = "<group>"; };
		BE631E7F1D42536600E7C8AA /* GoogleService-Info.plist */ = {isa = PBXFileReference; fileEncoding = 4; lastKnownFileType = text.plist.xml; path = "GoogleService-Info.plist"; sourceTree = "<group>"; };
		BE631E811D425A7900E7C8AA /* PokeParty-Bridging-Header.h */ = {isa = PBXFileReference; lastKnownFileType = sourcecode.c.h; path = "PokeParty-Bridging-Header.h"; sourceTree = "<group>"; };
		BE67E8CA1D429AED002761F0 /* PokePartyShared.framework */ = {isa = PBXFileReference; explicitFileType = wrapper.framework; path = PokePartyShared.framework; sourceTree = BUILT_PRODUCTS_DIR; };
		BE67E8D01D42ABEB002761F0 /* Pokemon.swift */ = {isa = PBXFileReference; fileEncoding = 4; lastKnownFileType = sourcecode.swift; path = Pokemon.swift; sourceTree = "<group>"; };
		BEC49F4E1D42D396000106E4 /* ApiClient.swift */ = {isa = PBXFileReference; fileEncoding = 4; lastKnownFileType = sourcecode.swift; path = ApiClient.swift; sourceTree = "<group>"; };
		BEC49F521D42ECD6000106E4 /* UserClient.swift */ = {isa = PBXFileReference; fileEncoding = 4; lastKnownFileType = sourcecode.swift; path = UserClient.swift; sourceTree = "<group>"; };
		EF327C016239829CDDA61924 /* Pods-PokeParty.debug.xcconfig */ = {isa = PBXFileReference; includeInIndex = 1; lastKnownFileType = text.xcconfig; name = "Pods-PokeParty.debug.xcconfig"; path = "Pods/Target Support Files/Pods-PokeParty/Pods-PokeParty.debug.xcconfig"; sourceTree = "<group>"; };
/* End PBXFileReference section */

/* Begin PBXFrameworksBuildPhase section */
		8B555F791D423D1100D3978C /* Frameworks */ = {
			isa = PBXFrameworksBuildPhase;
			buildActionMask = 2147483647;
			files = (
				4AA4391EC4DD1F6A1624F8CF /* Pods_PokeParty.framework in Frameworks */,
				BE67E8CB1D429AED002761F0 /* PokePartyShared.framework in Frameworks */,
			);
			runOnlyForDeploymentPostprocessing = 0;
		};
/* End PBXFrameworksBuildPhase section */

/* Begin PBXGroup section */
		75B9413662F1D5C462A03015 /* Frameworks */ = {
			isa = PBXGroup;
			children = (
				88FC1537C1A863C2A7D279A6 /* Pods_PokeParty.framework */,
			);
			name = Frameworks;
			sourceTree = "<group>";
		};
		831495FC312A43BFC9575805 /* Pods */ = {
			isa = PBXGroup;
			children = (
				EF327C016239829CDDA61924 /* Pods-PokeParty.debug.xcconfig */,
				57CE084EBEF115992676E7C8 /* Pods-PokeParty.release.xcconfig */,
			);
			name = Pods;
			sourceTree = "<group>";
		};
		8B555F731D423D1100D3978C = {
			isa = PBXGroup;
			children = (
				BE67E8CA1D429AED002761F0 /* PokePartyShared.framework */,
				75B9413662F1D5C462A03015 /* Frameworks */,
				831495FC312A43BFC9575805 /* Pods */,
				8B555F7E1D423D1100D3978C /* PokeParty */,
				8B555F7D1D423D1100D3978C /* Products */,
			);
			sourceTree = "<group>";
		};
		8B555F7D1D423D1100D3978C /* Products */ = {
			isa = PBXGroup;
			children = (
				8B555F7C1D423D1100D3978C /* PokeParty.app */,
			);
			name = Products;
			sourceTree = "<group>";
		};
		8B555F7E1D423D1100D3978C /* PokeParty */ = {
			isa = PBXGroup;
			children = (
				8B555F9A1D423D6100D3978C /* Common */,
				8B555F921D423D6100D3978C /* Domain */,
				8B555F911D423D6100D3978C /* Resources */,
				8B555F7F1D423D1100D3978C /* AppDelegate.swift */,
				8B555F861D423D1100D3978C /* Assets.xcassets */,
				8B555F8B1D423D1100D3978C /* Info.plist */,
				8B555F881D423D1100D3978C /* LaunchScreen.storyboard */,
				8B555F811D423D1100D3978C /* ViewController.swift */,
				BE631E7F1D42536600E7C8AA /* GoogleService-Info.plist */,
				BE631E811D425A7900E7C8AA /* PokeParty-Bridging-Header.h */,
			);
			path = PokeParty;
			sourceTree = "<group>";
		};
		8B555F911D423D6100D3978C /* Resources */ = {
			isa = PBXGroup;
			children = (
				1BB1B1D31D426FD200C158AF /* Localizable.strings */,
			);
			path = Resources;
			sourceTree = "<group>";
		};
		8B555F921D423D6100D3978C /* Domain */ = {
			isa = PBXGroup;
			children = (
				8BD68C5D1D426B2300C21725 /* CreateNewParty */,
				8BD68C581D4253E900C21725 /* Onboarding */,
				8B555F931D423D6100D3978C /* App */,
			);
			path = Domain;
			sourceTree = "<group>";
		};
		8B555F931D423D6100D3978C /* App */ = {
			isa = PBXGroup;
			children = (
				8B555F941D423D6100D3978C /* MainCoordinator.swift */,
				8BD68C641D429A3300C21725 /* HomeViewController.swift */,
				8BB96C981D43610300EB90AD /* PartyViewController.swift */,
			);
			path = App;
			sourceTree = "<group>";
		};
		8B555F9A1D423D6100D3978C /* Common */ = {
			isa = PBXGroup;
			children = (
				8B555F9B1D423D6100D3978C /* API */,
				8B555F9E1D423D6100D3978C /* Controllers */,
				8B555F9F1D423D6100D3978C /* Coordinators */,
				8B555FA51D423D6100D3978C /* Extensions */,
				8B555FB01D423D6100D3978C /* Models */,
				8B555FB11D423D6100D3978C /* Others */,
				8B555FBC1D423D6100D3978C /* Protocols */,
				8B555FBE1D423D6100D3978C /* Services */,
				8B555FC11D423D6100D3978C /* Views */,
			);
			path = Common;
			sourceTree = "<group>";
		};
		8B555F9B1D423D6100D3978C /* API */ = {
			isa = PBXGroup;
			children = (
				8B555F9C1D423D6100D3978C /* AccountDataProviderFactory.swift */,
				8B555F9D1D423D6100D3978C /* UserDefaultsAccountDataProvider.swift */,
				BEC49F4E1D42D396000106E4 /* ApiClient.swift */,
				BEC49F521D42ECD6000106E4 /* UserClient.swift */,
			);
			path = API;
			sourceTree = "<group>";
		};
		8B555F9E1D423D6100D3978C /* Controllers */ = {
			isa = PBXGroup;
			children = (
				1BB1B1D51D427E8200C158AF /* PokemonsViewController.swift */,
				1BB1B1D71D42860900C158AF /* ChoosePokemonsViewController.swift */,
				1BB1B1D91D429BE600C158AF /* MyPokemonsViewController.swift */,
				1BC156741D43776200724BAD /* CreateEventViewController.swift */,
				1BC156761D4385F700724BAD /* MapViewController.swift */,
			);
			path = Controllers;
			sourceTree = "<group>";
		};
		8B555F9F1D423D6100D3978C /* Coordinators */ = {
			isa = PBXGroup;
			children = (
				8B555FA01D423D6100D3978C /* Coordinator.swift */,
				8B555FA11D423D6100D3978C /* InNavigationCoordinator.swift */,
				8B555FA21D423D6100D3978C /* NavigationController.swift */,
				8B555FA31D423D6100D3978C /* NavigationCoordinator.swift */,
				8B555FA41D423D6100D3978C /* TabBarCoordinator.swift */,
			);
			path = Coordinators;
			sourceTree = "<group>";
		};
		8B555FA51D423D6100D3978C /* Extensions */ = {
			isa = PBXGroup;
			children = (
				8B555FAA1D423D6100D3978C /* NSDate+Helpers.swift */,
				8B555FAB1D423D6100D3978C /* UIApplication+TopViewController.swift */,
				8B555FAC1D423D6100D3978C /* UIColor+App.swift */,
				8B555FAD1D423D6100D3978C /* UIImage+WithColors.swift */,
				8B555FAE1D423D6100D3978C /* UIImageView+SetImageWithURL.swift */,
				8BD68C621D42869600C21725 /* UIStackView+addArrangedSubviews.swift */,
			);
			path = Extensions;
			sourceTree = "<group>";
		};
		8B555FB01D423D6100D3978C /* Models */ = {
			isa = PBXGroup;
			children = (
				BE67E8D01D42ABEB002761F0 /* Pokemon.swift */,
			);
			path = Models;
			sourceTree = "<group>";
		};
		8B555FB11D423D6100D3978C /* Others */ = {
			isa = PBXGroup;
			children = (
				8B555FB41D423D6100D3978C /* TextValidator */,
				8B555FB81D423D6100D3978C /* UrlHandler */,
				8B555FB21D423D6100D3978C /* Constants.swift */,
				8B555FB31D423D6100D3978C /* DateFormatter.swift */,
				8B555FB71D423D6100D3978C /* Typealiases.swift */,
			);
			path = Others;
			sourceTree = "<group>";
		};
		8B555FB41D423D6100D3978C /* TextValidator */ = {
			isa = PBXGroup;
			children = (
				8B555FB51D423D6100D3978C /* TextValidator.swift */,
				8B555FB61D423D6100D3978C /* TextValidatorFactory.swift */,
			);
			path = TextValidator;
			sourceTree = "<group>";
		};
		8B555FB81D423D6100D3978C /* UrlHandler */ = {
			isa = PBXGroup;
			children = (
				8B555FB91D423D6100D3978C /* CustomScheme.swift */,
				8B555FBA1D423D6100D3978C /* UrlHandler.swift */,
				8B555FBB1D423D6100D3978C /* UrlType.swift */,
			);
			path = UrlHandler;
			sourceTree = "<group>";
		};
		8B555FBC1D423D6100D3978C /* Protocols */ = {
			isa = PBXGroup;
			children = (
				8B555FBD1D423D6100D3978C /* AccountDataProvider.swift */,
			);
			path = Protocols;
			sourceTree = "<group>";
		};
		8B555FBE1D423D6100D3978C /* Services */ = {
			isa = PBXGroup;
			children = (
				8B555FBF1D423D6100D3978C /* AccountService.swift */,
				8B555FC01D423D6100D3978C /* ImageService.swift */,
			);
			path = Services;
			sourceTree = "<group>";
		};
		8B555FC11D423D6100D3978C /* Views */ = {
			isa = PBXGroup;
			children = (
				1BB1B1CD1D426C2500C158AF /* PokemonCollectionViewCell.xib */,
				1BB1B1CF1D426C3900C158AF /* PokemonCollectionViewCell.swift */,
				1BB1B1DB1D429CC200C158AF /* PokemonTableViewCell.swift */,
				1BB1B1DC1D429CC200C158AF /* PokemonTableViewCell.xib */,
			);
			path = Views;
			sourceTree = "<group>";
		};
		8BD68C581D4253E900C21725 /* Onboarding */ = {
			isa = PBXGroup;
			children = (
				8B555F971D423D6100D3978C /* OnboardingCoordinator.swift */,
				8BD68C591D42540700C21725 /* GoogleSignOnViewController.swift */,
				8BC30B461D42C9EC00A5443D /* TeamSelectButtonView.swift */,
				8BC30B481D42D48200A5443D /* TeamSelectView.swift */,
				8BC30B4A1D42D77A00A5443D /* SetupProfileViewController.swift */,
			);
			name = Onboarding;
			sourceTree = "<group>";
		};
		8BD68C5D1D426B2300C21725 /* CreateNewParty */ = {
			isa = PBXGroup;
			children = (
				8BD68C5E1D426B3600C21725 /* CreateNewPartyCoordinator.swift */,
				8BD68C601D426C6000C21725 /* CreateNewPartyViewController.swift */,
			);
			name = CreateNewParty;
			sourceTree = "<group>";
		};
/* End PBXGroup section */

/* Begin PBXNativeTarget section */
		8B555F7B1D423D1100D3978C /* PokeParty */ = {
			isa = PBXNativeTarget;
			buildConfigurationList = 8B555F8E1D423D1100D3978C /* Build configuration list for PBXNativeTarget "PokeParty" */;
			buildPhases = (
				BC5D35A94B8ED416A404A441 /* [CP] Check Pods Manifest.lock */,
				7F0A3F083353740B52C37181 /* [CP] Check Pods Manifest.lock */,
				8B555F781D423D1100D3978C /* Sources */,
				8B555F791D423D1100D3978C /* Frameworks */,
				8B555F7A1D423D1100D3978C /* Resources */,
				E98FFBCDA442D933D904FDDC /* [CP] Embed Pods Frameworks */,
				9824BD8588149ADA94EA6F45 /* [CP] Copy Pods Resources */,
				23D679C6211469C8B501BEF8 /* 📦 Embed Pods Frameworks */,
				B910E760C517E9EE45B4A2DE /* 📦 Copy Pods Resources */,
				BE67E8CD1D429AED002761F0 /* Embed Frameworks */,
			);
			buildRules = (
			);
			dependencies = (
			);
			name = PokeParty;
			productName = PokeParty;
			productReference = 8B555F7C1D423D1100D3978C /* PokeParty.app */;
			productType = "com.apple.product-type.application";
		};
/* End PBXNativeTarget section */

/* Begin PBXProject section */
		8B555F741D423D1100D3978C /* Project object */ = {
			isa = PBXProject;
			attributes = {
				LastSwiftUpdateCheck = 0730;
				LastUpgradeCheck = 0730;
				ORGANIZATIONNAME = tooploox;
				TargetAttributes = {
					8B555F7B1D423D1100D3978C = {
						CreatedOnToolsVersion = 7.3.1;
					};
				};
			};
			buildConfigurationList = 8B555F771D423D1100D3978C /* Build configuration list for PBXProject "PokeParty" */;
			compatibilityVersion = "Xcode 3.2";
			developmentRegion = English;
			hasScannedForEncodings = 0;
			knownRegions = (
				en,
				Base,
			);
			mainGroup = 8B555F731D423D1100D3978C;
			productRefGroup = 8B555F7D1D423D1100D3978C /* Products */;
			projectDirPath = "";
			projectRoot = "";
			targets = (
				8B555F7B1D423D1100D3978C /* PokeParty */,
			);
		};
/* End PBXProject section */

/* Begin PBXResourcesBuildPhase section */
		8B555F7A1D423D1100D3978C /* Resources */ = {
			isa = PBXResourcesBuildPhase;
			buildActionMask = 2147483647;
			files = (
				8B555F8A1D423D1100D3978C /* LaunchScreen.storyboard in Resources */,
				1BB1B1DE1D429CC200C158AF /* PokemonTableViewCell.xib in Resources */,
				1BB1B1CE1D426C2500C158AF /* PokemonCollectionViewCell.xib in Resources */,
				1BB1B1D11D426FD200C158AF /* Localizable.strings in Resources */,
				8B555F871D423D1100D3978C /* Assets.xcassets in Resources */,
				BE631E801D42536600E7C8AA /* GoogleService-Info.plist in Resources */,
			);
			runOnlyForDeploymentPostprocessing = 0;
		};
/* End PBXResourcesBuildPhase section */

/* Begin PBXShellScriptBuildPhase section */
		23D679C6211469C8B501BEF8 /* 📦 Embed Pods Frameworks */ = {
			isa = PBXShellScriptBuildPhase;
			buildActionMask = 2147483647;
			files = (
			);
			inputPaths = (
			);
			name = "📦 Embed Pods Frameworks";
			outputPaths = (
			);
			runOnlyForDeploymentPostprocessing = 0;
			shellPath = /bin/sh;
			shellScript = "\"${SRCROOT}/Pods/Target Support Files/Pods-PokeParty/Pods-PokeParty-frameworks.sh\"\n";
			showEnvVarsInLog = 0;
		};
		7F0A3F083353740B52C37181 /* [CP] Check Pods Manifest.lock */ = {
			isa = PBXShellScriptBuildPhase;
			buildActionMask = 2147483647;
			files = (
			);
			inputPaths = (
			);
			name = "[CP] Check Pods Manifest.lock";
			outputPaths = (
			);
			runOnlyForDeploymentPostprocessing = 0;
			shellPath = /bin/sh;
			shellScript = "diff \"${PODS_ROOT}/../Podfile.lock\" \"${PODS_ROOT}/Manifest.lock\" > /dev/null\nif [[ $? != 0 ]] ; then\n    cat << EOM\nerror: The sandbox is not in sync with the Podfile.lock. Run 'pod install' or update your CocoaPods installation.\nEOM\n    exit 1\nfi\n";
			showEnvVarsInLog = 0;
		};
		9824BD8588149ADA94EA6F45 /* [CP] Copy Pods Resources */ = {
			isa = PBXShellScriptBuildPhase;
			buildActionMask = 2147483647;
			files = (
			);
			inputPaths = (
			);
			name = "[CP] Copy Pods Resources";
			outputPaths = (
			);
			runOnlyForDeploymentPostprocessing = 0;
			shellPath = /bin/sh;
			shellScript = "\"${SRCROOT}/Pods/Target Support Files/Pods-PokeParty/Pods-PokeParty-resources.sh\"\n";
			showEnvVarsInLog = 0;
		};
		B910E760C517E9EE45B4A2DE /* 📦 Copy Pods Resources */ = {
			isa = PBXShellScriptBuildPhase;
			buildActionMask = 2147483647;
			files = (
			);
			inputPaths = (
			);
			name = "📦 Copy Pods Resources";
			outputPaths = (
			);
			runOnlyForDeploymentPostprocessing = 0;
			shellPath = /bin/sh;
			shellScript = "\"${SRCROOT}/Pods/Target Support Files/Pods-PokeParty/Pods-PokeParty-resources.sh\"\n";
			showEnvVarsInLog = 0;
		};
		BC5D35A94B8ED416A404A441 /* [CP] Check Pods Manifest.lock */ = {
			isa = PBXShellScriptBuildPhase;
			buildActionMask = 2147483647;
			files = (
			);
			inputPaths = (
			);
			name = "[CP] Check Pods Manifest.lock";
			outputPaths = (
			);
			runOnlyForDeploymentPostprocessing = 0;
			shellPath = /bin/sh;
			shellScript = "diff \"${PODS_ROOT}/../Podfile.lock\" \"${PODS_ROOT}/Manifest.lock\" > /dev/null\nif [[ $? != 0 ]] ; then\n    cat << EOM\nerror: The sandbox is not in sync with the Podfile.lock. Run 'pod install' or update your CocoaPods installation.\nEOM\n    exit 1\nfi\n";
			showEnvVarsInLog = 0;
		};
		E98FFBCDA442D933D904FDDC /* [CP] Embed Pods Frameworks */ = {
			isa = PBXShellScriptBuildPhase;
			buildActionMask = 2147483647;
			files = (
			);
			inputPaths = (
			);
			name = "[CP] Embed Pods Frameworks";
			outputPaths = (
			);
			runOnlyForDeploymentPostprocessing = 0;
			shellPath = /bin/sh;
			shellScript = "\"${SRCROOT}/Pods/Target Support Files/Pods-PokeParty/Pods-PokeParty-frameworks.sh\"\n";
			showEnvVarsInLog = 0;
		};
/* End PBXShellScriptBuildPhase section */

/* Begin PBXSourcesBuildPhase section */
		8B555F781D423D1100D3978C /* Sources */ = {
			isa = PBXSourcesBuildPhase;
			buildActionMask = 2147483647;
			files = (
				BE67E8D11D42ABEB002761F0 /* Pokemon.swift in Sources */,
				8BC30B491D42D48200A5443D /* TeamSelectView.swift in Sources */,
				8B555FCF1D423D6100D3978C /* NavigationController.swift in Sources */,
				8B555FCE1D423D6100D3978C /* InNavigationCoordinator.swift in Sources */,
				8BD68C611D426C6000C21725 /* CreateNewPartyViewController.swift in Sources */,
				8BD68C651D429A3300C21725 /* HomeViewController.swift in Sources */,
				1BB1B1DA1D429BE600C158AF /* MyPokemonsViewController.swift in Sources */,
				8B555FD01D423D6100D3978C /* NavigationCoordinator.swift in Sources */,
				8BD68C5F1D426B3600C21725 /* CreateNewPartyCoordinator.swift in Sources */,
				1BC156771D4385F700724BAD /* MapViewController.swift in Sources */,
				BEC49F4F1D42D396000106E4 /* ApiClient.swift in Sources */,
				8B555F821D423D1100D3978C /* ViewController.swift in Sources */,
				8BB96C991D43610300EB90AD /* PartyViewController.swift in Sources */,
				8B555FE31D423D6100D3978C /* AccountDataProvider.swift in Sources */,
				8B555FCD1D423D6100D3978C /* Coordinator.swift in Sources */,
				1BB1B1DD1D429CC200C158AF /* PokemonTableViewCell.swift in Sources */,
				8B555FD91D423D6100D3978C /* UIImageView+SetImageWithURL.swift in Sources */,
				1BB1B1D61D427E8200C158AF /* PokemonsViewController.swift in Sources */,
				1BC156751D43776200724BAD /* CreateEventViewController.swift in Sources */,
				8B555FD81D423D6100D3978C /* UIImage+WithColors.swift in Sources */,
				8B555FCB1D423D6100D3978C /* AccountDataProviderFactory.swift in Sources */,
				8B555FD51D423D6100D3978C /* NSDate+Helpers.swift in Sources */,
				8B555FE51D423D6100D3978C /* ImageService.swift in Sources */,
				8B555FC81D423D6100D3978C /* OnboardingCoordinator.swift in Sources */,
				8B555FE01D423D6100D3978C /* CustomScheme.swift in Sources */,
				8BD68C5A1D42540700C21725 /* GoogleSignOnViewController.swift in Sources */,
				8B555FDC1D423D6100D3978C /* DateFormatter.swift in Sources */,
				8B555FE21D423D6100D3978C /* UrlType.swift in Sources */,
				8BC30B4B1D42D77A00A5443D /* SetupProfileViewController.swift in Sources */,
				8B555FDF1D423D6100D3978C /* Typealiases.swift in Sources */,
				8B555FE11D423D6100D3978C /* UrlHandler.swift in Sources */,
				1BB1B1D81D42860900C158AF /* ChoosePokemonsViewController.swift in Sources */,
				8B555FC61D423D6100D3978C /* MainCoordinator.swift in Sources */,
				8B555FDE1D423D6100D3978C /* TextValidatorFactory.swift in Sources */,
				8BD68C631D42869700C21725 /* UIStackView+addArrangedSubviews.swift in Sources */,
				8B555FD11D423D6100D3978C /* TabBarCoordinator.swift in Sources */,
				8B555FCC1D423D6100D3978C /* UserDefaultsAccountDataProvider.swift in Sources */,
				8B555FD71D423D6100D3978C /* UIColor+App.swift in Sources */,
				BEC49F531D42ECD6000106E4 /* UserClient.swift in Sources */,
				8B555FD61D423D6100D3978C /* UIApplication+TopViewController.swift in Sources */,
				8B555F801D423D1100D3978C /* AppDelegate.swift in Sources */,
				8B555FE41D423D6100D3978C /* AccountService.swift in Sources */,
				8B555FDB1D423D6100D3978C /* Constants.swift in Sources */,
				8BC30B471D42C9EC00A5443D /* TeamSelectButtonView.swift in Sources */,
				1BB1B1D01D426C3900C158AF /* PokemonCollectionViewCell.swift in Sources */,
				8B555FDD1D423D6100D3978C /* TextValidator.swift in Sources */,
			);
			runOnlyForDeploymentPostprocessing = 0;
		};
/* End PBXSourcesBuildPhase section */

/* Begin PBXVariantGroup section */
		1BB1B1D31D426FD200C158AF /* Localizable.strings */ = {
			isa = PBXVariantGroup;
			children = (
				1BB1B1D21D426FD200C158AF /* en */,
				1BB1B1D41D426FF900C158AF /* Base */,
			);
			name = Localizable.strings;
			path = PokeParty;
			sourceTree = SOURCE_ROOT;
		};
		8B555F881D423D1100D3978C /* LaunchScreen.storyboard */ = {
			isa = PBXVariantGroup;
			children = (
				8B555F891D423D1100D3978C /* Base */,
			);
			name = LaunchScreen.storyboard;
			path = .;
			sourceTree = "<group>";
		};
/* End PBXVariantGroup section */

/* Begin XCBuildConfiguration section */
		8B555F8C1D423D1100D3978C /* Debug */ = {
			isa = XCBuildConfiguration;
			buildSettings = {
				ALWAYS_SEARCH_USER_PATHS = NO;
				CLANG_ANALYZER_NONNULL = YES;
				CLANG_CXX_LANGUAGE_STANDARD = "gnu++0x";
				CLANG_CXX_LIBRARY = "libc++";
				CLANG_ENABLE_MODULES = YES;
				CLANG_ENABLE_OBJC_ARC = YES;
				CLANG_WARN_BOOL_CONVERSION = YES;
				CLANG_WARN_CONSTANT_CONVERSION = YES;
				CLANG_WARN_DIRECT_OBJC_ISA_USAGE = YES_ERROR;
				CLANG_WARN_EMPTY_BODY = YES;
				CLANG_WARN_ENUM_CONVERSION = YES;
				CLANG_WARN_INT_CONVERSION = YES;
				CLANG_WARN_OBJC_ROOT_CLASS = YES_ERROR;
				CLANG_WARN_UNREACHABLE_CODE = YES;
				CLANG_WARN__DUPLICATE_METHOD_MATCH = YES;
				"CODE_SIGN_IDENTITY[sdk=iphoneos*]" = "iPhone Developer";
				COPY_PHASE_STRIP = NO;
				DEBUG_INFORMATION_FORMAT = dwarf;
				ENABLE_STRICT_OBJC_MSGSEND = YES;
				ENABLE_TESTABILITY = YES;
				GCC_C_LANGUAGE_STANDARD = gnu99;
				GCC_DYNAMIC_NO_PIC = NO;
				GCC_NO_COMMON_BLOCKS = YES;
				GCC_OPTIMIZATION_LEVEL = 0;
				GCC_PREPROCESSOR_DEFINITIONS = (
					"DEBUG=1",
					"$(inherited)",
				);
				GCC_WARN_64_TO_32_BIT_CONVERSION = YES;
				GCC_WARN_ABOUT_RETURN_TYPE = YES_ERROR;
				GCC_WARN_UNDECLARED_SELECTOR = YES;
				GCC_WARN_UNINITIALIZED_AUTOS = YES_AGGRESSIVE;
				GCC_WARN_UNUSED_FUNCTION = YES;
				GCC_WARN_UNUSED_VARIABLE = YES;
				IPHONEOS_DEPLOYMENT_TARGET = 9.3;
				MTL_ENABLE_DEBUG_INFO = YES;
				ONLY_ACTIVE_ARCH = YES;
				SDKROOT = iphoneos;
				SWIFT_OPTIMIZATION_LEVEL = "-Onone";
			};
			name = Debug;
		};
		8B555F8D1D423D1100D3978C /* Release */ = {
			isa = XCBuildConfiguration;
			buildSettings = {
				ALWAYS_SEARCH_USER_PATHS = NO;
				CLANG_ANALYZER_NONNULL = YES;
				CLANG_CXX_LANGUAGE_STANDARD = "gnu++0x";
				CLANG_CXX_LIBRARY = "libc++";
				CLANG_ENABLE_MODULES = YES;
				CLANG_ENABLE_OBJC_ARC = YES;
				CLANG_WARN_BOOL_CONVERSION = YES;
				CLANG_WARN_CONSTANT_CONVERSION = YES;
				CLANG_WARN_DIRECT_OBJC_ISA_USAGE = YES_ERROR;
				CLANG_WARN_EMPTY_BODY = YES;
				CLANG_WARN_ENUM_CONVERSION = YES;
				CLANG_WARN_INT_CONVERSION = YES;
				CLANG_WARN_OBJC_ROOT_CLASS = YES_ERROR;
				CLANG_WARN_UNREACHABLE_CODE = YES;
				CLANG_WARN__DUPLICATE_METHOD_MATCH = YES;
				"CODE_SIGN_IDENTITY[sdk=iphoneos*]" = "iPhone Developer";
				COPY_PHASE_STRIP = NO;
				DEBUG_INFORMATION_FORMAT = "dwarf-with-dsym";
				ENABLE_NS_ASSERTIONS = NO;
				ENABLE_STRICT_OBJC_MSGSEND = YES;
				GCC_C_LANGUAGE_STANDARD = gnu99;
				GCC_NO_COMMON_BLOCKS = YES;
				GCC_WARN_64_TO_32_BIT_CONVERSION = YES;
				GCC_WARN_ABOUT_RETURN_TYPE = YES_ERROR;
				GCC_WARN_UNDECLARED_SELECTOR = YES;
				GCC_WARN_UNINITIALIZED_AUTOS = YES_AGGRESSIVE;
				GCC_WARN_UNUSED_FUNCTION = YES;
				GCC_WARN_UNUSED_VARIABLE = YES;
				IPHONEOS_DEPLOYMENT_TARGET = 9.3;
				MTL_ENABLE_DEBUG_INFO = NO;
				SDKROOT = iphoneos;
				VALIDATE_PRODUCT = YES;
			};
			name = Release;
		};
		8B555F8F1D423D1100D3978C /* Debug */ = {
			isa = XCBuildConfiguration;
			baseConfigurationReference = EF327C016239829CDDA61924 /* Pods-PokeParty.debug.xcconfig */;
			buildSettings = {
				ASSETCATALOG_COMPILER_APPICON_NAME = AppIcon;
				CLANG_ENABLE_MODULES = YES;
				INFOPLIST_FILE = PokeParty/Info.plist;
				LD_RUNPATH_SEARCH_PATHS = "$(inherited) @executable_path/Frameworks";
				PRODUCT_BUNDLE_IDENTIFIER = tooploox.apps.PokeParty;
				PRODUCT_NAME = "$(TARGET_NAME)";
				SWIFT_OBJC_BRIDGING_HEADER = "PokeParty/PokeParty-Bridging-Header.h";
				SWIFT_OPTIMIZATION_LEVEL = "-Onone";
			};
			name = Debug;
		};
		8B555F901D423D1100D3978C /* Release */ = {
			isa = XCBuildConfiguration;
			baseConfigurationReference = 57CE084EBEF115992676E7C8 /* Pods-PokeParty.release.xcconfig */;
			buildSettings = {
				ASSETCATALOG_COMPILER_APPICON_NAME = AppIcon;
				CLANG_ENABLE_MODULES = YES;
				INFOPLIST_FILE = PokeParty/Info.plist;
				LD_RUNPATH_SEARCH_PATHS = "$(inherited) @executable_path/Frameworks";
				PRODUCT_BUNDLE_IDENTIFIER = tooploox.apps.PokeParty;
				PRODUCT_NAME = "$(TARGET_NAME)";
				SWIFT_OBJC_BRIDGING_HEADER = "PokeParty/PokeParty-Bridging-Header.h";
			};
			name = Release;
		};
/* End XCBuildConfiguration section */

/* Begin XCConfigurationList section */
		8B555F771D423D1100D3978C /* Build configuration list for PBXProject "PokeParty" */ = {
			isa = XCConfigurationList;
			buildConfigurations = (
				8B555F8C1D423D1100D3978C /* Debug */,
				8B555F8D1D423D1100D3978C /* Release */,
			);
			defaultConfigurationIsVisible = 0;
			defaultConfigurationName = Release;
		};
		8B555F8E1D423D1100D3978C /* Build configuration list for PBXNativeTarget "PokeParty" */ = {
			isa = XCConfigurationList;
			buildConfigurations = (
				8B555F8F1D423D1100D3978C /* Debug */,
				8B555F901D423D1100D3978C /* Release */,
			);
			defaultConfigurationIsVisible = 0;
			defaultConfigurationName = Release;
		};
/* End XCConfigurationList section */
	};
	rootObject = 8B555F741D423D1100D3978C /* Project object */;
}
